{
  "name": "my-new-app",
  "version": "0.1.0",
  "lockfileVersion": 1,
  "requires": true,
  "dependencies": {
    "@aws-amplify/analytics": {
      "version": "1.2.0",
      "resolved": "https://registry.npmjs.org/@aws-amplify/analytics/-/analytics-1.2.0.tgz",
      "integrity": "sha512-HzKUykZ8PmlNrhMLr4hyzU9Jf35364DuNA/QoIVdPsFWx1RQMxnw3AciidAvnhzdpBhD3RIStU3e2cjI4iK8vw==",
      "requires": {
        "@aws-amplify/cache": "1.0.12",
        "@aws-amplify/core": "1.0.12",
        "aws-sdk": "2.320.0",
        "uuid": "3.3.2"
      }
    },
    "@aws-amplify/api": {
      "version": "1.0.14",
      "resolved": "https://registry.npmjs.org/@aws-amplify/api/-/api-1.0.14.tgz",
      "integrity": "sha512-HT0Tq/d7olpsg1ruzeFoD9NMgkrJLHyRwqKBNC/W2LMWEbi9VvjEhERoJyGEdJSzO62lPLxVEZsTvugWP/3V6g==",
      "requires": {
        "@aws-amplify/auth": "1.2.3",
        "@aws-amplify/cache": "1.0.12",
        "@aws-amplify/core": "1.0.12",
        "@types/zen-observable": "0.5.4",
        "axios": "0.17.1",
        "graphql": "0.13.0",
        "uuid": "3.3.2",
        "zen-observable": "0.8.9"
      }
    },
    "@aws-amplify/auth": {
      "version": "1.2.3",
      "resolved": "https://registry.npmjs.org/@aws-amplify/auth/-/auth-1.2.3.tgz",
      "integrity": "sha512-P6UiUAyinhkX18mc0Fz5s9Kqr3bvBoelY+lSN+HRNETTqLFId1dj2s4Zab1hlfJAtGW6fV9LJT1HeF9CwB2F7w==",
      "requires": {
        "@aws-amplify/cache": "1.0.12",
        "@aws-amplify/core": "1.0.12",
        "amazon-cognito-auth-js": "1.2.4",
        "amazon-cognito-identity-js": "2.0.29"
      }
    },
    "@aws-amplify/cache": {
      "version": "1.0.12",
      "resolved": "https://registry.npmjs.org/@aws-amplify/cache/-/cache-1.0.12.tgz",
      "integrity": "sha512-OvxrPa45/Ip3dyDFu6QMu0YNLAKc5mIOrrbyH+/wqw+spvz9hWDb6FLrkIZIpmXc+U9zDLGlDflYGKZZlA8KOA==",
      "requires": {
        "@aws-amplify/core": "1.0.12"
      }
    },
    "@aws-amplify/core": {
      "version": "1.0.12",
      "resolved": "https://registry.npmjs.org/@aws-amplify/core/-/core-1.0.12.tgz",
      "integrity": "sha512-YN51czLVn6/BbJkyoipygwaNrYM2KBDHSAo9TE3I0fYGllzckwTMH+3BeCupzj2JYitylcYPo68cr3tLQN667Q==",
      "requires": {
        "aws-sdk": "2.320.0",
        "url": "0.11.0"
      }
    },
    "@aws-amplify/interactions": {
      "version": "1.0.12",
      "resolved": "https://registry.npmjs.org/@aws-amplify/interactions/-/interactions-1.0.12.tgz",
      "integrity": "sha512-au7wcjVmSYsc7wmBa+rySuBdFWPoR0k9R8VuEhgPWsp7zGiHxXwdm8x4z4sSN8myb2Lj1KzzJV2txyZyl6Nepg==",
      "requires": {
        "@aws-amplify/core": "1.0.12",
        "aws-sdk": "2.320.0"
      }
    },
    "@aws-amplify/pubsub": {
      "version": "1.0.12",
      "resolved": "https://registry.npmjs.org/@aws-amplify/pubsub/-/pubsub-1.0.12.tgz",
      "integrity": "sha512-ETbvq/mBubjT5aR5CYPq2k2JwYCM8oJYupzB7SKu+Q53yoZ9KAAWuyYWeiS+hgMaSVt6omq5i/OlV/0zjIAJtw==",
      "requires": {
        "@aws-amplify/core": "1.0.12",
        "@types/zen-observable": "0.5.4",
        "uuid": "3.3.2",
        "zen-observable": "0.8.9"
      }
    },
    "@aws-amplify/storage": {
      "version": "1.0.12",
      "resolved": "https://registry.npmjs.org/@aws-amplify/storage/-/storage-1.0.12.tgz",
      "integrity": "sha512-/twomFSkJOw5Nuyq+aHVkR2U0SbhoB0XoQ8Eqdc3l9938+w11Ys9i1ksBTsHBw1SxQ2ookDKW4751oqCaBeUpQ==",
      "requires": {
        "@aws-amplify/core": "1.0.12",
        "aws-sdk": "2.320.0"
      }
    },
    "@aws-amplify/xr": {
      "version": "0.1.2",
      "resolved": "https://registry.npmjs.org/@aws-amplify/xr/-/xr-0.1.2.tgz",
      "integrity": "sha512-n1BtEM6fLfojMV5R0y9FMvk7ekmf+qWGaOsMhDLPaLsZOFsSyUvQ0CIc/KBoMnEizpoo+kPBIOc61rKPv62v/w==",
      "requires": {
        "@aws-amplify/api": "1.0.14",
        "@aws-amplify/core": "1.0.12",
        "aws-sdk": "2.198.0"
      },
      "dependencies": {
        "aws-sdk": {
          "version": "2.198.0",
          "resolved": "http://registry.npmjs.org/aws-sdk/-/aws-sdk-2.198.0.tgz",
          "integrity": "sha1-IkUxEzfdyETMNME/P887fqhD9DQ=",
          "requires": {
            "buffer": "4.9.1",
            "events": "1.1.1",
            "jmespath": "0.15.0",
            "querystring": "0.2.0",
            "sax": "1.2.1",
            "url": "0.10.3",
            "uuid": "3.1.0",
            "xml2js": "0.4.17",
            "xmlbuilder": "4.2.1"
          }
        },
        "url": {
          "version": "0.10.3",
          "resolved": "https://registry.npmjs.org/url/-/url-0.10.3.tgz",
          "integrity": "sha1-Ah5NnHcF8hu/N9A861h2dAJ3TGQ=",
          "requires": {
            "punycode": "1.3.2",
            "querystring": "0.2.0"
          }
        },
        "uuid": {
          "version": "3.1.0",
          "resolved": "https://registry.npmjs.org/uuid/-/uuid-3.1.0.tgz",
          "integrity": "sha512-DIWtzUkw04M4k3bf1IcpS2tngXEL26YUD2M0tMDUpnUrz2hgzUBlD55a4FjdLGPvfHxS6uluGWvaVEqgBcVa+g=="
        },
        "xml2js": {
          "version": "0.4.17",
          "resolved": "https://registry.npmjs.org/xml2js/-/xml2js-0.4.17.tgz",
          "integrity": "sha1-F76T6q4/O3eTWceVtBlwWogX6Gg=",
          "requires": {
            "sax": "1.2.1",
            "xmlbuilder": "4.2.1"
          }
        },
        "xmlbuilder": {
          "version": "4.2.1",
          "resolved": "https://registry.npmjs.org/xmlbuilder/-/xmlbuilder-4.2.1.tgz",
          "integrity": "sha1-qlijBBoGb5DqoWwvU4n/GfP0YaU=",
          "requires": {
            "lodash": "4.17.11"
          }
        }
      }
    },
    "@types/zen-observable": {
      "version": "0.5.4",
      "resolved": "https://registry.npmjs.org/@types/zen-observable/-/zen-observable-0.5.4.tgz",
      "integrity": "sha512-sW6xN96wUak4tgc89d0tbTg7QDGYhGv5hvQIS6h4mRCd8h2btiZ80loPU8cyLwsBbA4ZeQt0FjvUhJ4rNhdsGg=="
    },
    "amazon-cognito-auth-js": {
      "version": "1.2.4",
      "resolved": "https://registry.npmjs.org/amazon-cognito-auth-js/-/amazon-cognito-auth-js-1.2.4.tgz",
      "integrity": "sha512-Walq6lIHB+MBOEfg0RBezURTDBKvUO4H9xpW2DBLZT3aDTF+p8awKHe2AujdHYItkefOhdjwu4GqjFgo4RkG+A==",
      "requires": {
        "js-cookie": "2.2.0"
      }
    },
    "amazon-cognito-identity-js": {
      "version": "2.0.29",
      "resolved": "https://registry.npmjs.org/amazon-cognito-identity-js/-/amazon-cognito-identity-js-2.0.29.tgz",
      "integrity": "sha512-/FHWVnRXgTJesTnYt6Io/YwgDGwIt66z6Jckyn6UZUaEHT9MXo+q3ZG9R+wXF5mLa9Q+8IsjMLMAsVm86cVFYQ==",
      "requires": {
        "buffer": "4.9.1",
        "crypto-browserify": "1.0.9",
        "js-cookie": "2.2.0"
      }
    },
    "aws-amplify": {
      "version": "1.1.3",
      "resolved": "https://registry.npmjs.org/aws-amplify/-/aws-amplify-1.1.3.tgz",
      "integrity": "sha512-FOpjDW7sUs++W42drVN17tGtW2oB2uBMQFjJTzBZGcQ+pndTQf6zpv48HChZt4MkPJJj6Wixcgs1dORiNVgDGg==",
      "requires": {
        "@aws-amplify/analytics": "1.2.0",
        "@aws-amplify/api": "1.0.14",
        "@aws-amplify/auth": "1.2.3",
        "@aws-amplify/cache": "1.0.12",
        "@aws-amplify/core": "1.0.12",
        "@aws-amplify/interactions": "1.0.12",
        "@aws-amplify/pubsub": "1.0.12",
        "@aws-amplify/storage": "1.0.12",
        "@aws-amplify/xr": "0.1.2"
      }
    },
    "aws-sdk": {
      "version": "2.320.0",
      "resolved": "https://registry.npmjs.org/aws-sdk/-/aws-sdk-2.320.0.tgz",
      "integrity": "sha512-qJBjZ0sIIy6AzBe0RkK5HDl3Kl1uAz01R4Nqy+RyflB//XWz+dPN8CFYtzrQNyfpLtPe/4uPrmxC4NwGW1MXBQ==",
      "requires": {
        "buffer": "4.9.1",
        "events": "1.1.1",
        "ieee754": "1.1.8",
        "jmespath": "0.15.0",
        "querystring": "0.2.0",
        "sax": "1.2.1",
        "url": "0.10.3",
        "uuid": "3.1.0",
        "xml2js": "0.4.19"
      },
      "dependencies": {
        "url": {
          "version": "0.10.3",
          "resolved": "https://registry.npmjs.org/url/-/url-0.10.3.tgz",
          "integrity": "sha1-Ah5NnHcF8hu/N9A861h2dAJ3TGQ=",
          "requires": {
            "punycode": "1.3.2",
            "querystring": "0.2.0"
          }
        },
        "uuid": {
          "version": "3.1.0",
          "resolved": "https://registry.npmjs.org/uuid/-/uuid-3.1.0.tgz",
          "integrity": "sha512-DIWtzUkw04M4k3bf1IcpS2tngXEL26YUD2M0tMDUpnUrz2hgzUBlD55a4FjdLGPvfHxS6uluGWvaVEqgBcVa+g=="
        }
      }
    },
    "axios": {
      "version": "0.17.1",
      "resolved": "https://registry.npmjs.org/axios/-/axios-0.17.1.tgz",
      "integrity": "sha1-LY4+XQvb1zJ/kbyBT1xXZg+Bgk0=",
      "requires": {
        "follow-redirects": "1.5.8",
        "is-buffer": "1.1.6"
      }
    },
    "base64-js": {
      "version": "1.3.0",
      "resolved": "https://registry.npmjs.org/base64-js/-/base64-js-1.3.0.tgz",
      "integrity": "sha512-ccav/yGvoa80BQDljCxsmmQ3Xvx60/UpBIij5QN21W3wBi/hhIC9OoO+KLpu9IJTS9j4DRVJ3aDDF9cMSoa2lw=="
    },
    "buffer": {
      "version": "4.9.1",
      "resolved": "http://registry.npmjs.org/buffer/-/buffer-4.9.1.tgz",
      "integrity": "sha1-bRu2AbB6TvztlwlBMgkwJ8lbwpg=",
      "requires": {
        "base64-js": "1.3.0",
        "ieee754": "1.1.8",
        "isarray": "1.0.0"
      }
    },
    "crypto-browserify": {
      "version": "1.0.9",
      "resolved": "http://registry.npmjs.org/crypto-browserify/-/crypto-browserify-1.0.9.tgz",
      "integrity": "sha1-zFRJaF37hesRyYKKzHy4erW7/MA="
    },
    "debug": {
      "version": "3.1.0",
      "resolved": "https://registry.npmjs.org/debug/-/debug-3.1.0.tgz",
      "integrity": "sha512-OX8XqP7/1a9cqkxYw2yXss15f26NKWBpDXQd0/uK/KPqdQhxbPa994hnzjcE2VqQpDslf55723cKPUOGSmMY3g==",
      "requires": {
        "ms": "2.0.0"
      }
    },
    "events": {
      "version": "1.1.1",
      "resolved": "https://registry.npmjs.org/events/-/events-1.1.1.tgz",
      "integrity": "sha1-nr23Y1rQmccNzEwqH1AEKI6L2SQ="
    },
    "follow-redirects": {
      "version": "1.5.8",
      "resolved": "https://registry.npmjs.org/follow-redirects/-/follow-redirects-1.5.8.tgz",
      "integrity": "sha512-sy1mXPmv7kLAMKW/8XofG7o9T+6gAjzdZK4AJF6ryqQYUa/hnzgiypoeUecZ53x7XiqKNEpNqLtS97MshW2nxg==",
      "requires": {
        "debug": "3.1.0"
      }
    },
    "graphql": {
      "version": "0.13.0",
      "resolved": "http://registry.npmjs.org/graphql/-/graphql-0.13.0.tgz",
      "integrity": "sha512-WlO+ZJT9aY3YrBT+H5Kk+eVb3OVVehB9iRD/xqeHdmrrn4AFl5FIcOpfHz/vnBr6Y6JthGMlnFqU8XRnDjSR7A==",
      "requires": {
        "iterall": "1.1.4"
      }
    },
    "ieee754": {
      "version": "1.1.8",
      "resolved": "https://registry.npmjs.org/ieee754/-/ieee754-1.1.8.tgz",
      "integrity": "sha1-vjPUCsEO8ZJnAfbwii2G+/0a0+Q="
    },
    "is-buffer": {
      "version": "1.1.6",
      "resolved": "https://registry.npmjs.org/is-buffer/-/is-buffer-1.1.6.tgz",
      "integrity": "sha512-NcdALwpXkTm5Zvvbk7owOUSvVvBKDgKP5/ewfXEznmQFfs4ZRmanOeKBTjRVjka3QFoN6XJ+9F3USqfHqTaU5w=="
    },
    "isarray": {
      "version": "1.0.0",
      "resolved": "https://registry.npmjs.org/isarray/-/isarray-1.0.0.tgz",
      "integrity": "sha1-u5NdSFgsuhaMBoNJV6VKPgcSTxE="
    },
    "iterall": {
      "version": "1.1.4",
      "resolved": "https://registry.npmjs.org/iterall/-/iterall-1.1.4.tgz",
      "integrity": "sha512-eaDsM/PY8D/X5mYQhecVc5/9xvSHED7yPON+ffQroBeTuqUVm7dfphMkK8NksXuImqZlVRoKtrNfMIVCYIqaUQ=="
    },
    "jmespath": {
      "version": "0.15.0",
      "resolved": "https://registry.npmjs.org/jmespath/-/jmespath-0.15.0.tgz",
      "integrity": "sha1-o/Iiqarp+Wb10nx5ZRDigJF2Qhc="
    },
    "js-cookie": {
      "version": "2.2.0",
      "resolved": "https://registry.npmjs.org/js-cookie/-/js-cookie-2.2.0.tgz",
      "integrity": "sha1-Gywnmm7s44ChIWi5JIUmWzWx7/s="
    },
    "lodash": {
      "version": "4.17.11",
      "resolved": "https://registry.npmjs.org/lodash/-/lodash-4.17.11.tgz",
      "integrity": "sha512-cQKh8igo5QUhZ7lg38DYWAxMvjSAKG0A8wGSVimP07SIUEK2UO+arSRKbRZWtelMtN5V0Hkwh5ryOto/SshYIg=="
    },
    "ms": {
      "version": "2.0.0",
      "resolved": "https://registry.npmjs.org/ms/-/ms-2.0.0.tgz",
      "integrity": "sha1-VgiurfwAvmwpAd9fmGF4jeDVl8g="
    },
    "punycode": {
      "version": "1.3.2",
      "resolved": "https://registry.npmjs.org/punycode/-/punycode-1.3.2.tgz",
      "integrity": "sha1-llOgNvt8HuQjQvIyXM7v6jkmxI0="
    },
    "querystring": {
      "version": "0.2.0",
      "resolved": "https://registry.npmjs.org/querystring/-/querystring-0.2.0.tgz",
      "integrity": "sha1-sgmEkgO7Jd+CDadW50cAWHhSFiA="
    },
    "sax": {
      "version": "1.2.1",
      "resolved": "http://registry.npmjs.org/sax/-/sax-1.2.1.tgz",
      "integrity": "sha1-e45lYZCyKOgaZq6nSEgNgozS03o="
    },
    "url": {
      "version": "0.11.0",
      "resolved": "https://registry.npmjs.org/url/-/url-0.11.0.tgz",
      "integrity": "sha1-ODjpfPxgUh63PFJajlW/3Z4uKPE=",
      "requires": {
        "punycode": "1.3.2",
        "querystring": "0.2.0"
      }
    },
    "uuid": {
      "version": "3.3.2",
      "resolved": "https://registry.npmjs.org/uuid/-/uuid-3.3.2.tgz",
      "integrity": "sha512-yXJmeNaw3DnnKAOKJE51sL/ZaYfWJRl1pK9dr19YFCu0ObS231AB1/LbqTKRAQ5kw8A90rA6fr4riOUpTZvQZA=="
    },
    "xml2js": {
      "version": "0.4.19",
      "resolved": "https://registry.npmjs.org/xml2js/-/xml2js-0.4.19.tgz",
      "integrity": "sha512-esZnJZJOiJR9wWKMyuvSE1y6Dq5LCuJanqhxslH2bxM6duahNZ+HMpCLhBQGZkbX6xRf8x1Y2eJlgt2q3qo49Q==",
      "requires": {
        "sax": "1.2.1",
        "xmlbuilder": "9.0.7"
      }
    },
    "xmlbuilder": {
      "version": "9.0.7",
      "resolved": "https://registry.npmjs.org/xmlbuilder/-/xmlbuilder-9.0.7.tgz",
      "integrity": "sha1-Ey7mPS7FVlxVfiD0wi35rKaGsQ0="
    },
    "zen-observable": {
      "version": "0.8.9",
      "resolved": "https://registry.npmjs.org/zen-observable/-/zen-observable-0.8.9.tgz",
      "integrity": "sha512-Y9kPzjGvIZ5jchSlqlCpBW3I82zBBL4z+ulXDRVA1NwsKzjt5kwAi+gOYIy0htNkfuehGZZtP5mRXHRV6TjDWw=="
    }
  }
}
